
Microsoft Visual Studio Solution File, Format Version 12.00
# Visual Studio Version 17
VisualStudioVersion = 17.0.31521.260
MinimumVisualStudioVersion = 10.0.40219.1
Project("{FAE04EC0-301F-11D3-BF4B-00C04F79EFBC}") = "Data.Sql", "Data.Sql\Data.Sql.csproj", "{5C87CE0A-CA25-4B9E-A87A-DEA5993C9DE1}"
EndProject
Global
	GlobalSection(SolutionConfigurationPlatforms) = preSolution
		Debug|Any CPU = Debug|Any CPU
		Release|Any CPU = Release|Any CPU
	EndGlobalSection
	GlobalSection(ProjectConfigurationPlatforms) = postSolution
		{5C87CE0A-CA25-4B9E-A87A-DEA5993C9DE1}.Debug|Any CPU.ActiveCfg = Debug|Any CPU
		{5C87CE0A-CA25-4B9E-A87A-DEA5993C9DE1}.Debug|Any CPU.Build.0 = Debug|Any CPU
		{5C87CE0A-CA25-4B9E-A87A-DEA5993C9DE1}.Release|Any CPU.ActiveCfg = Release|Any CPU
		{5C87CE0A-CA25-4B9E-A87A-DEA5993C9DE1}.Release|Any CPU.Build.0 = Release|Any CPU
	EndGlobalSection
	GlobalSection(SolutionProperties) = preSolution
		HideSolutionNode = FALSE
	EndGlobalSection
	GlobalSection(ExtensibilityGlobals) = postSolution
		SolutionGuid = {7EA6214D-48BA-400D-ABF0-E08B9C4CDE47}
	EndGlobalSection
EndGlobal
